# This file is generated by running "yarn install" inside your project.
# Manual changes might be lost - proceed with caution!

__metadata:
  version: 5
  cacheKey: 8

"@skeldjs/hindenburg@link:../..::locator=hbplugin-custom-gamecode%40workspace%3A.":
  version: 0.0.0-use.local
  resolution: "@skeldjs/hindenburg@link:../..::locator=hbplugin-custom-gamecode%40workspace%3A."
  languageName: node
  linkType: soft

"ansi-styles@npm:^4.1.0":
  version: 4.3.0
  resolution: "ansi-styles@npm:4.3.0"
  dependencies:
    color-convert: ^2.0.1
  checksum: 513b44c3b2105dd14cc42a19271e80f386466c4be574bccf60b627432f9198571ebf4ab1e4c3ba17347658f4ee1711c163d574248c0c1cdc2d5917a0ad582ec4
  languageName: node
  linkType: hard

"chalk@npm:4.1.2":
  version: 4.1.2
  resolution: "chalk@npm:4.1.2"
  dependencies:
    ansi-styles: ^4.1.0
    supports-color: ^7.1.0
  checksum: fe75c9d5c76a7a98d45495b91b2172fa3b7a09e0cc9370e5c8feb1c567b85c4288e2b3fded7cfdd7359ac28d6b3844feb8b82b8686842e93d23c827c417e83fc
  languageName: node
  linkType: hard

"cluster-key-slot@npm:^1.1.0":
  version: 1.1.0
  resolution: "cluster-key-slot@npm:1.1.0"
  checksum: fc953c75209b1ef9088081bab4e40a0b2586491c974ab93460569c014515ca5a2e31c043f185285e177007162fc353d07836d98f570c171dbe055775430e495b
  languageName: node
  linkType: hard

"color-convert@npm:^2.0.1":
  version: 2.0.1
  resolution: "color-convert@npm:2.0.1"
  dependencies:
    color-name: ~1.1.4
  checksum: 79e6bdb9fd479a205c71d89574fccfb22bd9053bd98c6c4d870d65c132e5e904e6034978e55b43d69fcaa7433af2016ee203ce76eeba9cfa554b373e7f7db336
  languageName: node
  linkType: hard

"color-name@npm:~1.1.4":
  version: 1.1.4
  resolution: "color-name@npm:1.1.4"
  checksum: b0445859521eb4021cd0fb0cc1a75cecf67fceecae89b63f62b201cca8d345baf8b952c966862a9d9a2632987d4f6581f0ec8d957dfacece86f0a7919316f610
  languageName: node
  linkType: hard

"debug@npm:^4.3.1":
  version: 4.3.3
  resolution: "debug@npm:4.3.3"
  dependencies:
    ms: 2.1.2
  peerDependenciesMeta:
    supports-color:
      optional: true
  checksum: 14472d56fe4a94dbcfaa6dbed2dd3849f1d72ba78104a1a328047bb564643ca49df0224c3a17fa63533fd11dd3d4c8636cd861191232a2c6735af00cc2d4de16
  languageName: node
  linkType: hard

"denque@npm:^1.1.0":
  version: 1.5.1
  resolution: "denque@npm:1.5.1"
  checksum: 4375ad19d5cea99f90effa82a8cecdaa10f4eb261fbcd7e47cd753ff2737f037aac8f7f4e031cc77f3966314c491c86a0d3b20c128aeee57f791b4662c45108e
  languageName: node
  linkType: hard

"has-flag@npm:^4.0.0":
  version: 4.0.0
  resolution: "has-flag@npm:4.0.0"
  checksum: 261a1357037ead75e338156b1f9452c016a37dcd3283a972a30d9e4a87441ba372c8b81f818cd0fbcd9c0354b4ae7e18b9e1afa1971164aef6d18c2b6095a8ad
  languageName: node
  linkType: hard

"hbplugin-custom-gamecode@workspace:.":
  version: 0.0.0-use.local
  resolution: "hbplugin-custom-gamecode@workspace:."
  dependencies:
    "@skeldjs/hindenburg": "link:../.."
    hbplugin-loadbalancer: ^1.0.0
    hbplugin-loadbalancer-client: ^1.0.0
    typescript: ^4.5.5
  languageName: unknown
  linkType: soft

"hbplugin-loadbalancer-client@npm:^1.0.0":
  version: 1.0.1
  resolution: "hbplugin-loadbalancer-client@npm:1.0.1"
  dependencies:
    ioredis: ^4.28.0
    uuid: ^8.3.2
  checksum: c33d41b96b47712bfa80eefaa3d0a0302c509445bf596acf76401a841d0e33936f59d219f7e52805e7e13ce61d2309717ab32c867749dbc48efa6643a411c417
  languageName: node
  linkType: hard

"hbplugin-loadbalancer@npm:^1.0.0":
  version: 1.0.0
  resolution: "hbplugin-loadbalancer@npm:1.0.0"
  dependencies:
    chalk: 4.1.2
    ioredis: ^4.28.2
  checksum: 31bef15fe896b205fa411d73f6f46d000eb05472042aa6413cae7b6ea3ec6a3d99b93155f543cd30a9108bf60ad30e7dcc82e055dece3f5974b78bbd4b4c3208
  languageName: node
  linkType: hard

"ioredis@npm:^4.28.0, ioredis@npm:^4.28.2":
  version: 4.28.5
  resolution: "ioredis@npm:4.28.5"
  dependencies:
    cluster-key-slot: ^1.1.0
    debug: ^4.3.1
    denque: ^1.1.0
    lodash.defaults: ^4.2.0
    lodash.flatten: ^4.4.0
    lodash.isarguments: ^3.1.0
    p-map: ^2.1.0
    redis-commands: 1.7.0
    redis-errors: ^1.2.0
    redis-parser: ^3.0.0
    standard-as-callback: ^2.1.0
  checksum: a8793c3324cd69fa55b4baacbda118ce6724e574260157761276b31411dd3e168c75490f7155c6ce34d79e01488efa98e0cdb162991970fd56da7cbcdafb8fb8
  languageName: node
  linkType: hard

"lodash.defaults@npm:^4.2.0":
  version: 4.2.0
  resolution: "lodash.defaults@npm:4.2.0"
  checksum: 84923258235592c8886e29de5491946ff8c2ae5c82a7ac5cddd2e3cb697e6fbdfbbb6efcca015795c86eec2bb953a5a2ee4016e3735a3f02720428a40efbb8f1
  languageName: node
  linkType: hard

"lodash.flatten@npm:^4.4.0":
  version: 4.4.0
  resolution: "lodash.flatten@npm:4.4.0"
  checksum: 0ac34a393d4b795d4b7421153d27c13ae67e08786c9cbb60ff5b732210d46f833598eee3fb3844bb10070e8488efe390ea53bb567377e0cb47e9e630bf0811cb
  languageName: node
  linkType: hard

"lodash.isarguments@npm:^3.1.0":
  version: 3.1.0
  resolution: "lodash.isarguments@npm:3.1.0"
  checksum: ae1526f3eb5c61c77944b101b1f655f846ecbedcb9e6b073526eba6890dc0f13f09f72e11ffbf6540b602caee319af9ac363d6cdd6be41f4ee453436f04f13b5
  languageName: node
  linkType: hard

"ms@npm:2.1.2":
  version: 2.1.2
  resolution: "ms@npm:2.1.2"
  checksum: 673cdb2c3133eb050c745908d8ce632ed2c02d85640e2edb3ace856a2266a813b30c613569bf3354fdf4ea7d1a1494add3bfa95e2713baa27d0c2c71fc44f58f
  languageName: node
  linkType: hard

"p-map@npm:^2.1.0":
  version: 2.1.0
  resolution: "p-map@npm:2.1.0"
  checksum: 9e3ad3c9f6d75a5b5661bcad78c91f3a63849189737cd75e4f1225bf9ac205194e5c44aac2ef6f09562b1facdb9bd1425584d7ac375bfaa17b3f1a142dab936d
  languageName: node
  linkType: hard

"redis-commands@npm:1.7.0":
  version: 1.7.0
  resolution: "redis-commands@npm:1.7.0"
  checksum: d1ff7fbcb5e54768c77f731f1d49679d2a62c3899522c28addb4e2e5813aea8bcac3f22519d71d330224c3f2937f935dfc3d8dc65e90db0f5fe22dc2c1515aa7
  languageName: node
  linkType: hard

"redis-errors@npm:^1.0.0, redis-errors@npm:^1.2.0":
  version: 1.2.0
  resolution: "redis-errors@npm:1.2.0"
  checksum: f28ac2692113f6f9c222670735aa58aeae413464fd58ccf3fce3f700cae7262606300840c802c64f2b53f19f65993da24dc918afc277e9e33ac1ff09edb394f4
  languageName: node
  linkType: hard

"redis-parser@npm:^3.0.0":
  version: 3.0.0
  resolution: "redis-parser@npm:3.0.0"
  dependencies:
    redis-errors: ^1.0.0
  checksum: 89290ae530332f2ae37577647fa18208d10308a1a6ba750b9d9a093e7398f5e5253f19855b64c98757f7129cccce958e4af2573fdc33bad41405f87f1943459a
  languageName: node
  linkType: hard

"standard-as-callback@npm:^2.1.0":
  version: 2.1.0
  resolution: "standard-as-callback@npm:2.1.0"
  checksum: 88bec83ee220687c72d94fd86a98d5272c91d37ec64b66d830dbc0d79b62bfa6e47f53b71646011835fc9ce7fae62739545d13124262b53be4fbb3e2ebad551c
  languageName: node
  linkType: hard

"supports-color@npm:^7.1.0":
  version: 7.2.0
  resolution: "supports-color@npm:7.2.0"
  dependencies:
    has-flag: ^4.0.0
  checksum: 3dda818de06ebbe5b9653e07842d9479f3555ebc77e9a0280caf5a14fb877ffee9ed57007c3b78f5a6324b8dbeec648d9e97a24e2ed9fdb81ddc69ea07100f4a
  languageName: node
  linkType: hard

"typescript@npm:^4.5.5":
  version: 4.5.5
  resolution: "typescript@npm:4.5.5"
  bin:
    tsc: bin/tsc
    tsserver: bin/tsserver
  checksum: 506f4c919dc8aeaafa92068c997f1d213b9df4d9756d0fae1a1e7ab66b585ab3498050e236113a1c9e57ee08c21ec6814ca7a7f61378c058d79af50a4b1f5a5e
  languageName: node
  linkType: hard

"typescript@patch:typescript@^4.5.5#~builtin<compat/typescript>":
  version: 4.5.5
  resolution: "typescript@patch:typescript@npm%3A4.5.5#~builtin<compat/typescript>::version=4.5.5&hash=493e53"
  bin:
    tsc: bin/tsc
    tsserver: bin/tsserver
  checksum: c05c318d79c690f101d7ffb34cd6c7d6bbd884d3af9cefe7749ad0cd6be43c7082f098280982ca945dcba23fde34a08fed9602bb26540936baf8c0520727d3ba
  languageName: node
  linkType: hard

"uuid@npm:^8.3.2":
  version: 8.3.2
  resolution: "uuid@npm:8.3.2"
  bin:
    uuid: dist/bin/uuid
  checksum: 5575a8a75c13120e2f10e6ddc801b2c7ed7d8f3c8ac22c7ed0c7b2ba6383ec0abda88c905085d630e251719e0777045ae3236f04c812184b7c765f63a70e58df
  languageName: node
  linkType: hard
